
Microsoft Visual Studio Solution File, Format Version 12.00
# Visual Studio Version 17
VisualStudioVersion = 17.14.36408.4 d17.14
MinimumVisualStudioVersion = 10.0.40219.1
Project("{FAE04EC0-301F-11D3-BF4B-00C04F79EFBC}") = "langla-duky", "langla-duky\langla-duky.csproj", "{AB496B76-6BA7-4814-AAB7-58DC1EB656D1}"
EndProject
Global
	GlobalSection(SolutionConfigurationPlatforms) = preSolution
		Debug|Any CPU = Debug|Any CPU
		Release|Any CPU = Release|Any CPU
	EndGlobalSection
	GlobalSection(ProjectConfigurationPlatforms) = postSolution
		{AB496B76-6BA7-4814-AAB7-58DC1EB656D1}.Debug|Any CPU.ActiveCfg = Debug|Any CPU
		{AB496B76-6BA7-4814-AAB7-58DC1EB656D1}.Debug|Any CPU.Build.0 = Debug|Any CPU
		{AB496B76-6BA7-4814-AAB7-58DC1EB656D1}.Release|Any CPU.ActiveCfg = Release|Any CPU
		{AB496B76-6BA7-4814-AAB7-58DC1EB656D1}.Release|Any CPU.Build.0 = Release|Any CPU
	EndGlobalSection
	GlobalSection(SolutionProperties) = preSolution
		HideSolutionNode = FALSE
	EndGlobalSection
	GlobalSection(ExtensibilityGlobals) = postSolution
		SolutionGuid = {D2C2D863-09C6-4402-91E8-3B2844F7501F}
	EndGlobalSection
EndGlobal
